schema_version: 1
project_schema_version: 1.0.0
project_contract_revision: 1
framework:
  id: infra-topology-framework
  version: 5.0.0
  source: git
  repository: git@github.com:strateg/home-lab.git
  revision: d397c2fcc2a5fd549aeb86da211a7268cef9e9d3
  integrity: sha256-7773823d2ff4ab18681b55b759ceba06e1feba4063e1e10702dedfb089468955
locked_at: '2026-07-06T09:02:20.742959+00:00'
