schema_version: 1
project_schema_version: 1.0.0
project_contract_revision: 1
framework:
  id: infra-topology-framework
  version: 5.0.0
  source: git
  repository: git@github.com:strateg/home-lab.git
  revision: 42c85daecda37bda406303a320ea29377791eb88
  integrity: sha256-357446ae7798bdc92fed43f4ce0e13c289fd695d03399616dab0e829ea0e3449
locked_at: '2026-06-18T07:42:44.405617+00:00'
