schema_version: 1
project_schema_version: 1.0.0
project_contract_revision: 1
framework:
  id: infra-topology-framework
  version: 5.0.0
  source: git
  repository: git@github.com:strateg/home-lab.git
  revision: 6b874c4e6533e0d4a68602dac2b357eaab2740b8
  integrity: sha256-36e9ece8bce15b854b834c1c94208d9dd6d526dcf8a705d1cf1cbeb19f3a8efa
locked_at: '2026-07-12T12:59:26.513311+00:00'
