schema_version: 1
project_schema_version: 1.0.0
project_contract_revision: 1
framework:
  id: infra-topology-framework
  version: 5.0.0
  source: git
  repository: https://github.com/strateg/home-lab.git
  revision: aea2941db4326b2f6d0f51de3659e50a0dcd5d59
  integrity: sha256-1b80c33f03567b71dab64f8cd3b33f9e5ff5f10efa81151d9df2c71c5587cbdb
locked_at: '2026-03-22T21:00:29.449194+00:00'
