schema_version: 1
project_schema_version: 1.0.0
project_contract_revision: 1
framework:
  id: home-lab-v5-framework
  version: 5.0.0
  source: git
  repository: https://github.com/strateg/home-lab.git
  revision: a65f88bdc449c30be06d15985008752098e4cb21
  integrity: sha256-23b5025e31f9f6ad40c75cbe08fac831f8cbfcd07a7912010d659150843f6866
locked_at: '2026-03-20T19:12:04.052396+00:00'
