schema_version: 1
project_schema_version: 1.0.0
project_contract_revision: 1
framework:
  id: infra-topology-framework
  version: 5.0.0
  source: git
  repository: https://github.com/strateg/home-lab.git
  revision: 30b360704eb9e159002393f8ec542c8fb025aea5
  integrity: sha256-f66e42440983a4f44ead9fb262c19ca55e8f15b9e46db3919fe9429c7be2e191
locked_at: '2026-03-26T17:04:59.797522+00:00'
