schema_version: 1
project_schema_version: 1.0.0
project_contract_revision: 1
framework:
  id: infra-topology-framework
  version: 5.0.0
  source: git
  repository: git@github.com:strateg/home-lab.git
  revision: 7b9191c3bcc5126463b634a61f4bd2161065068a
  integrity: sha256-71adf2eb05bf8ba1910fb1e17624882c5b5df1ac413d00b7fe315fa5a2bb77b5
locked_at: '2026-04-07T14:44:00.972421+00:00'
