schema_version: 1
project_schema_version: 1.0.0
project_contract_revision: 1
framework:
  id: infra-topology-framework
  version: 5.0.0
  source: git
  repository: https://github.com/strateg/home-lab.git
  revision: 8ec23dff0cdd99f34d2d3b52b84cb54cab7b5eed
  integrity: sha256-a1900a567e06b31c8450bc80fc1cac5e3daf251342c595e8b623804ae6af1732
locked_at: '2026-03-26T21:06:16.957427+00:00'
