version: 1
core_model_version: 1.0.0
classes:
  class.compute.edge_node:
    version: 1.0.0
  class.compute.hypervisor:
    version: 2.0.0
  class.compute.hypervisor.hyperv:
    version: 1.0.0
  class.compute.hypervisor.proxmox:
    version: 1.0.0
  class.compute.hypervisor.vbox:
    version: 1.0.0
  class.compute.hypervisor.vmware:
    version: 1.0.0
  class.compute.hypervisor.xen:
    version: 1.0.0
  class.compute.workload.docker:
    version: 1.0.0
  class.compute.workload.lxc:
    version: 1.0.0
  class.compute.workload.vm:
    version: 1.0.0
  class.firmware:
    version: 1.0.0
  class.network.bridge:
    version: 1.0.0
  class.network.data_link:
    version: 1.0.0
  class.network.firewall_policy:
    version: 1.0.0
  class.network.physical_link:
    version: 1.0.0
  class.network.qos:
    version: 1.0.0
  class.network.trust_zone:
    version: 1.0.0
  class.network.vlan:
    version: 1.0.0
  class.observability.alert:
    version: 1.0.0
  class.observability.healthcheck:
    version: 1.0.0
  class.operations.backup:
    version: 1.0.0
  class.os:
    version: 1.0.0
  class.power.pdu:
    version: 1.0.0
  class.power.ups:
    version: 1.0.0
  class.router:
    version: 2.0.0
  class.service.alerting:
    version: 1.0.0
  class.service.cache:
    version: 1.0.0
  class.service.database:
    version: 1.0.0
  class.service.dns:
    version: 1.0.0
  class.service.file_storage:
    version: 1.0.0
  class.service.home_automation:
    version: 1.0.0
  class.service.logging:
    version: 1.0.0
  class.service.media_server:
    version: 1.0.0
  class.service.monitoring:
    version: 1.0.0
  class.service.proxy:
    version: 1.0.0
  class.service.visualization:
    version: 1.0.0
  class.service.vpn:
    version: 1.0.0
  class.service.web_application:
    version: 1.0.0
  class.service.web_ui:
    version: 1.0.0
  class.storage.data_asset:
    version: 1.0.0
  class.storage.media:
    version: 1.0.0
  class.storage.pool:
    version: 1.0.0
  class.storage.volume:
    version: 1.0.0
objects:
  obj.apc.backups.650va:
    version: 1.0.0
    class_ref: class.power.ups
  obj.docker.container.generic:
    version: 1.0.0
    class_ref: class.compute.workload.docker
  obj.firmware.apc.backups.650va:
    version: 1.0.0
    class_ref: class.firmware
  obj.firmware.openwrt.glinet.4x:
    version: 1.0.0
    class_ref: class.firmware
  obj.firmware.pdu.generic.managed:
    version: 1.0.0
    class_ref: class.firmware
  obj.firmware.routeros.7.arm64:
    version: 1.0.0
    class_ref: class.firmware
  obj.firmware.routeros.7.x86_64:
    version: 1.0.0
    class_ref: class.firmware
  obj.firmware.uboot.generic.arm64:
    version: 1.0.0
    class_ref: class.firmware
  obj.firmware.uefi.generic.arm64:
    version: 1.0.0
    class_ref: class.firmware
  obj.firmware.uefi.generic.x86_64:
    version: 1.0.0
    class_ref: class.firmware
  obj.glinet.slate_ax1800:
    version: 1.0.0
    class_ref: class.router
  obj.hetzner.cloud_vm:
    version: 1.0.0
    class_ref: class.compute.workload.vm
  obj.mikrotik.chateau_lte7_ax:
    version: 1.0.0
    class_ref: class.router
  obj.mikrotik.chr:
    version: 1.1.0
    class_ref: class.router
  obj.network.bridge.vmbr0:
    version: 1.0.0
    class_ref: class.network.bridge
  obj.network.ethernet_cable:
    version: 1.0.0
    class_ref: class.network.physical_link
  obj.network.ethernet_channel:
    version: 1.0.0
    class_ref: class.network.data_link
  obj.network.firewall_policy.default_deny:
    version: 1.0.0
    class_ref: class.network.firewall_policy
  obj.network.firewall_policy.established_related:
    version: 1.0.0
    class_ref: class.network.firewall_policy
  obj.network.firewall_policy.guest_isolated:
    version: 1.0.0
    class_ref: class.network.firewall_policy
  obj.network.firewall_policy.iot_isolated:
    version: 1.0.0
    class_ref: class.network.firewall_policy
  obj.network.lte_channel:
    version: 1.0.0
    class_ref: class.network.data_link
  obj.network.qos.wan_shaping:
    version: 1.0.0
    class_ref: class.network.qos
  obj.network.trust_zone.guest:
    version: 1.0.0
    class_ref: class.network.trust_zone
  obj.network.trust_zone.iot:
    version: 1.0.0
    class_ref: class.network.trust_zone
  obj.network.trust_zone.management:
    version: 1.0.0
    class_ref: class.network.trust_zone
  obj.network.trust_zone.servers:
    version: 1.0.0
    class_ref: class.network.trust_zone
  obj.network.trust_zone.untrusted:
    version: 1.0.0
    class_ref: class.network.trust_zone
  obj.network.trust_zone.user:
    version: 1.0.0
    class_ref: class.network.trust_zone
  obj.network.vlan.guest:
    version: 1.0.0
    class_ref: class.network.vlan
  obj.network.vlan.iot:
    version: 1.0.0
    class_ref: class.network.vlan
  obj.network.vlan.lan:
    version: 1.0.0
    class_ref: class.network.vlan
  obj.network.vlan.management:
    version: 1.0.0
    class_ref: class.network.vlan
  obj.network.vlan.servers:
    version: 1.0.0
    class_ref: class.network.vlan
  obj.network.wan_uplink:
    version: 1.0.0
    class_ref: class.network.data_link
  obj.network.wifi_ap_channel:
    version: 1.0.0
    class_ref: class.network.data_link
  obj.observability.alert.application:
    version: 1.0.0
    class_ref: class.observability.alert
  obj.observability.alert.infrastructure:
    version: 1.0.0
    class_ref: class.observability.alert
  obj.observability.alert.operations:
    version: 1.0.0
    class_ref: class.observability.alert
  obj.observability.alert.power:
    version: 1.0.0
    class_ref: class.observability.alert
  obj.observability.alert.security:
    version: 1.0.0
    class_ref: class.observability.alert
  obj.observability.healthcheck.device:
    version: 1.0.0
    class_ref: class.observability.healthcheck
  obj.observability.healthcheck.lte:
    version: 1.0.0
    class_ref: class.observability.healthcheck
  obj.observability.healthcheck.lxc:
    version: 1.0.0
    class_ref: class.observability.healthcheck
  obj.observability.healthcheck.network:
    version: 1.0.0
    class_ref: class.observability.healthcheck
  obj.observability.healthcheck.service:
    version: 1.0.0
    class_ref: class.observability.healthcheck
  obj.observability.healthcheck.ups:
    version: 1.0.0
    class_ref: class.observability.healthcheck
  obj.operations.backup.config_export:
    version: 1.0.0
    class_ref: class.operations.backup
  obj.operations.backup.pg_dump:
    version: 1.0.0
    class_ref: class.operations.backup
  obj.operations.backup.rclone:
    version: 1.0.0
    class_ref: class.operations.backup
  obj.operations.backup.rsync:
    version: 1.0.0
    class_ref: class.operations.backup
  obj.operations.backup.vzdump:
    version: 1.0.0
    class_ref: class.operations.backup
  obj.oracle.cloud_vm:
    version: 1.0.0
    class_ref: class.compute.workload.vm
  obj.orangepi.rk3588.debian:
    version: 1.0.0
    class_ref: class.compute.edge_node
  obj.os.debian.12.arm64.container_base:
    version: 1.0.0
    class_ref: class.os
  obj.os.debian.12.arm64.edge:
    version: 1.0.0
    class_ref: class.os
  obj.os.debian.12.proxmox.lxc:
    version: 1.0.0
    class_ref: class.os
  obj.os.linux.generic.arm64:
    version: 1.0.0
    class_ref: class.os
  obj.os.linux.generic.x86_64:
    version: 1.0.0
    class_ref: class.os
  obj.os.openwrt.glinet.4x:
    version: 1.0.0
    class_ref: class.os
  obj.os.proxmox.ve.9:
    version: 1.0.0
    class_ref: class.os
  obj.os.routeros.7.arm64:
    version: 1.0.0
    class_ref: class.os
  obj.os.routeros.7.x86_64:
    version: 1.0.0
    class_ref: class.os
  obj.pdu.generic.managed:
    version: 1.0.0
    class_ref: class.power.pdu
  obj.proxmox.lxc.debian12.base:
    version: 1.0.0
    class_ref: class.compute.workload.lxc
  obj.proxmox.lxc.debian12.docker:
    version: 1.0.0
    class_ref: class.compute.workload.lxc
  obj.proxmox.lxc.debian12.gitea:
    version: 1.0.0
    class_ref: class.compute.workload.lxc
  obj.proxmox.lxc.debian12.grafana:
    version: 1.0.0
    class_ref: class.compute.workload.lxc
  obj.proxmox.lxc.debian12.homeassistant:
    version: 1.0.0
    class_ref: class.compute.workload.lxc
  obj.proxmox.lxc.debian12.nextcloud:
    version: 1.0.0
    class_ref: class.compute.workload.lxc
  obj.proxmox.lxc.debian12.nginx:
    version: 1.0.0
    class_ref: class.compute.workload.lxc
  obj.proxmox.lxc.debian12.postgresql:
    version: 1.0.0
    class_ref: class.compute.workload.lxc
  obj.proxmox.lxc.debian12.prometheus:
    version: 1.0.0
    class_ref: class.compute.workload.lxc
  obj.proxmox.lxc.debian12.redis:
    version: 1.0.0
    class_ref: class.compute.workload.lxc
  obj.proxmox.ve:
    version: 1.0.0
    class_ref: class.compute.hypervisor.proxmox
  obj.service.adguard:
    version: 1.0.0
    class_ref: class.service.dns
  obj.service.alertmanager:
    version: 1.0.0
    class_ref: class.service.alerting
  obj.service.docker_host:
    version: 1.0.0
    class_ref: class.service.web_application
  obj.service.gitea:
    version: 1.0.0
    class_ref: class.service.web_application
  obj.service.grafana:
    version: 1.0.0
    class_ref: class.service.visualization
  obj.service.homeassistant:
    version: 1.0.0
    class_ref: class.service.home_automation
  obj.service.jellyfin:
    version: 1.0.0
    class_ref: class.service.media_server
  obj.service.loki:
    version: 1.0.0
    class_ref: class.service.logging
  obj.service.mikrotik.snmp:
    version: 1.0.0
    class_ref: class.service.monitoring
  obj.service.mikrotik.web_ui:
    version: 1.0.0
    class_ref: class.service.web_ui
  obj.service.mosquitto:
    version: 1.0.0
    class_ref: class.service.home_automation
  obj.service.nextcloud:
    version: 1.0.0
    class_ref: class.service.web_application
  obj.service.nextcloud.file_storage:
    version: 1.0.0
    class_ref: class.service.file_storage
  obj.service.nginx_proxy:
    version: 1.0.0
    class_ref: class.service.proxy
  obj.service.ntp:
    version: 1.0.0
    class_ref: class.service.monitoring
  obj.service.postgresql:
    version: 1.0.0
    class_ref: class.service.database
  obj.service.prometheus:
    version: 1.0.0
    class_ref: class.service.monitoring
  obj.service.proxmox.web_ui:
    version: 1.0.0
    class_ref: class.service.web_ui
  obj.service.redis:
    version: 1.0.0
    class_ref: class.service.cache
  obj.service.syslog_forwarder:
    version: 1.0.0
    class_ref: class.service.logging
  obj.service.tailscale:
    version: 1.0.0
    class_ref: class.service.vpn
  obj.service.wireguard:
    version: 1.0.0
    class_ref: class.service.vpn
  obj.storage.data_asset.backup:
    version: 1.0.0
    class_ref: class.storage.data_asset
  obj.storage.data_asset.cache:
    version: 1.0.0
    class_ref: class.storage.data_asset
  obj.storage.data_asset.config:
    version: 1.0.0
    class_ref: class.storage.data_asset
  obj.storage.data_asset.database:
    version: 1.0.0
    class_ref: class.storage.data_asset
  obj.storage.data_asset.logs:
    version: 1.0.0
    class_ref: class.storage.data_asset
  obj.storage.data_asset.media:
    version: 1.0.0
    class_ref: class.storage.data_asset
  obj.storage.media.cloud_volume:
    version: 1.0.0
    class_ref: class.storage.media
  obj.storage.media.nvme_512gb:
    version: 1.0.0
    class_ref: class.storage.media
  obj.storage.media.qspi_flash_16mb:
    version: 1.0.0
    class_ref: class.storage.media
  obj.storage.media.sata_hdd_500gb:
    version: 1.0.0
    class_ref: class.storage.media
  obj.storage.media.sata_ssd_180gb:
    version: 1.0.0
    class_ref: class.storage.media
  obj.storage.pool.local:
    version: 1.0.0
    class_ref: class.storage.pool
  obj.storage.pool.local_hdd:
    version: 1.0.0
    class_ref: class.storage.pool
  obj.storage.pool.local_lvm:
    version: 1.0.0
    class_ref: class.storage.pool
